
Microsoft Visual Studio Solution File, Format Version 12.00
# Visual Studio Version 17
VisualStudioVersion = 17.5.002.0
MinimumVisualStudioVersion = 10.0.40219.1
Project("{2150E333-8FDC-42A3-9474-1A3956D46DE8}") = "src", "src", "{A725526B-A316-4501-8C00-330E8A36047E}"
EndProject
Project("{2150E333-8FDC-42A3-9474-1A3956D46DE8}") = "Gateway", "Gateway", "{C323FB7B-69F9-4606-A87B-EF60DD0F176A}"
EndProject
Project("{9A19103F-16F7-4668-BE54-9A1E7A4F7556}") = "Ms.Gateway", "src\Gateway\Ms.Gateway\Ms.Gateway.csproj", "{480C2D66-B1BD-4067-A09F-634D17215901}"
EndProject
Project("{2150E333-8FDC-42A3-9474-1A3956D46DE8}") = "Microservices", "Microservices", "{BC9242A3-FB32-4B31-8490-5AE895226792}"
EndProject
Project("{2150E333-8FDC-42A3-9474-1A3956D46DE8}") = "Ms.Delivery", "Ms.Delivery", "{63A9C36E-5074-4469-A9DD-85F46E84915A}"
EndProject
Project("{9A19103F-16F7-4668-BE54-9A1E7A4F7556}") = "delivery", "src\Microservices\Ms.Delivery\api\delivery.csproj", "{7402A2E6-761C-4619-91C3-E9BF58E162D2}"
EndProject
Project("{9A19103F-16F7-4668-BE54-9A1E7A4F7556}") = "application", "src\Microservices\Ms.Delivery\application\application.csproj", "{82375F19-13F0-4E19-884E-D48B607909E6}"
EndProject
Project("{9A19103F-16F7-4668-BE54-9A1E7A4F7556}") = "domain", "src\Microservices\Ms.Delivery\domain\domain.csproj", "{FB2ED9E7-B3F2-4E71-B2FA-8EC33291D427}"
EndProject
Project("{9A19103F-16F7-4668-BE54-9A1E7A4F7556}") = "infra", "src\Microservices\Ms.Delivery\infra\infra.csproj", "{AE6A9027-753F-4EB3-9170-391A3C70AF9E}"
EndProject
Project("{9A19103F-16F7-4668-BE54-9A1E7A4F7556}") = "test", "src\Microservices\Ms.Delivery\test\test.csproj", "{7FA06FE2-BF6D-4264-84A7-01677B20F180}"
EndProject
Project("{2150E333-8FDC-42A3-9474-1A3956D46DE8}") = "Ms.Order", "Ms.Order", "{F389645A-57A2-4197-BC54-31301E279B35}"
EndProject
Project("{9A19103F-16F7-4668-BE54-9A1E7A4F7556}") = "order", "src\Microservices\Ms.Order\api\order.csproj", "{08FF72E2-B61A-45F0-A51D-8F78D71898DD}"
EndProject
Project("{9A19103F-16F7-4668-BE54-9A1E7A4F7556}") = "application", "src\Microservices\Ms.Order\application\application.csproj", "{C3A06ECF-9115-4CED-AA6F-DAF7AEBFB624}"
EndProject
Project("{9A19103F-16F7-4668-BE54-9A1E7A4F7556}") = "domain", "src\Microservices\Ms.Order\domain\domain.csproj", "{D546E055-FCD6-4FDD-8D82-9373DB12A4D4}"
EndProject
Project("{9A19103F-16F7-4668-BE54-9A1E7A4F7556}") = "infra", "src\Microservices\Ms.Order\infra\infra.csproj", "{02C791E0-45AC-4D1E-9482-AADAA4690954}"
EndProject
Project("{9A19103F-16F7-4668-BE54-9A1E7A4F7556}") = "test", "src\Microservices\Ms.Order\test\test.csproj", "{BE098C8E-4F43-41E2-A7C1-1414AB0B786E}"
EndProject
Project("{2150E333-8FDC-42A3-9474-1A3956D46DE8}") = "Ms.Payment", "Ms.Payment", "{2FBB4FA4-00CD-45AC-8C0C-DC048EE3C5BE}"
EndProject
Project("{9A19103F-16F7-4668-BE54-9A1E7A4F7556}") = "payment", "src\Microservices\Ms.Payment\api\payment.csproj", "{774D490A-9FE3-4AAF-A433-D553FDE7FC8C}"
EndProject
Project("{9A19103F-16F7-4668-BE54-9A1E7A4F7556}") = "application", "src\Microservices\Ms.Payment\application\application.csproj", "{92019BCB-F61F-45B6-A3F3-8EEE80E56428}"
EndProject
Project("{9A19103F-16F7-4668-BE54-9A1E7A4F7556}") = "domain", "src\Microservices\Ms.Payment\domain\domain.csproj", "{2287773A-A491-4EAE-8150-4563C719A801}"
EndProject
Project("{9A19103F-16F7-4668-BE54-9A1E7A4F7556}") = "infra", "src\Microservices\Ms.Payment\infra\infra.csproj", "{15C1698C-2D1B-42AD-925F-255EFF78100E}"
EndProject
Project("{9A19103F-16F7-4668-BE54-9A1E7A4F7556}") = "test", "src\Microservices\Ms.Payment\test\test.csproj", "{46BA2C48-85B6-4E91-8C3A-9D9766A8B8B2}"
EndProject
Global
	GlobalSection(SolutionConfigurationPlatforms) = preSolution
		Debug|Any CPU = Debug|Any CPU
		Release|Any CPU = Release|Any CPU
	EndGlobalSection
	GlobalSection(ProjectConfigurationPlatforms) = postSolution
		{480C2D66-B1BD-4067-A09F-634D17215901}.Debug|Any CPU.ActiveCfg = Debug|Any CPU
		{480C2D66-B1BD-4067-A09F-634D17215901}.Debug|Any CPU.Build.0 = Debug|Any CPU
		{480C2D66-B1BD-4067-A09F-634D17215901}.Release|Any CPU.ActiveCfg = Release|Any CPU
		{480C2D66-B1BD-4067-A09F-634D17215901}.Release|Any CPU.Build.0 = Release|Any CPU
		{7402A2E6-761C-4619-91C3-E9BF58E162D2}.Debug|Any CPU.ActiveCfg = Debug|Any CPU
		{7402A2E6-761C-4619-91C3-E9BF58E162D2}.Debug|Any CPU.Build.0 = Debug|Any CPU
		{7402A2E6-761C-4619-91C3-E9BF58E162D2}.Release|Any CPU.ActiveCfg = Release|Any CPU
		{7402A2E6-761C-4619-91C3-E9BF58E162D2}.Release|Any CPU.Build.0 = Release|Any CPU
		{82375F19-13F0-4E19-884E-D48B607909E6}.Debug|Any CPU.ActiveCfg = Debug|Any CPU
		{82375F19-13F0-4E19-884E-D48B607909E6}.Debug|Any CPU.Build.0 = Debug|Any CPU
		{82375F19-13F0-4E19-884E-D48B607909E6}.Release|Any CPU.ActiveCfg = Release|Any CPU
		{82375F19-13F0-4E19-884E-D48B607909E6}.Release|Any CPU.Build.0 = Release|Any CPU
		{FB2ED9E7-B3F2-4E71-B2FA-8EC33291D427}.Debug|Any CPU.ActiveCfg = Debug|Any CPU
		{FB2ED9E7-B3F2-4E71-B2FA-8EC33291D427}.Debug|Any CPU.Build.0 = Debug|Any CPU
		{FB2ED9E7-B3F2-4E71-B2FA-8EC33291D427}.Release|Any CPU.ActiveCfg = Release|Any CPU
		{FB2ED9E7-B3F2-4E71-B2FA-8EC33291D427}.Release|Any CPU.Build.0 = Release|Any CPU
		{AE6A9027-753F-4EB3-9170-391A3C70AF9E}.Debug|Any CPU.ActiveCfg = Debug|Any CPU
		{AE6A9027-753F-4EB3-9170-391A3C70AF9E}.Debug|Any CPU.Build.0 = Debug|Any CPU
		{AE6A9027-753F-4EB3-9170-391A3C70AF9E}.Release|Any CPU.ActiveCfg = Release|Any CPU
		{AE6A9027-753F-4EB3-9170-391A3C70AF9E}.Release|Any CPU.Build.0 = Release|Any CPU
		{7FA06FE2-BF6D-4264-84A7-01677B20F180}.Debug|Any CPU.ActiveCfg = Debug|Any CPU
		{7FA06FE2-BF6D-4264-84A7-01677B20F180}.Debug|Any CPU.Build.0 = Debug|Any CPU
		{7FA06FE2-BF6D-4264-84A7-01677B20F180}.Release|Any CPU.ActiveCfg = Release|Any CPU
		{7FA06FE2-BF6D-4264-84A7-01677B20F180}.Release|Any CPU.Build.0 = Release|Any CPU
		{08FF72E2-B61A-45F0-A51D-8F78D71898DD}.Debug|Any CPU.ActiveCfg = Debug|Any CPU
		{08FF72E2-B61A-45F0-A51D-8F78D71898DD}.Debug|Any CPU.Build.0 = Debug|Any CPU
		{08FF72E2-B61A-45F0-A51D-8F78D71898DD}.Release|Any CPU.ActiveCfg = Release|Any CPU
		{08FF72E2-B61A-45F0-A51D-8F78D71898DD}.Release|Any CPU.Build.0 = Release|Any CPU
		{C3A06ECF-9115-4CED-AA6F-DAF7AEBFB624}.Debug|Any CPU.ActiveCfg = Debug|Any CPU
		{C3A06ECF-9115-4CED-AA6F-DAF7AEBFB624}.Debug|Any CPU.Build.0 = Debug|Any CPU
		{C3A06ECF-9115-4CED-AA6F-DAF7AEBFB624}.Release|Any CPU.ActiveCfg = Release|Any CPU
		{C3A06ECF-9115-4CED-AA6F-DAF7AEBFB624}.Release|Any CPU.Build.0 = Release|Any CPU
		{D546E055-FCD6-4FDD-8D82-9373DB12A4D4}.Debug|Any CPU.ActiveCfg = Debug|Any CPU
		{D546E055-FCD6-4FDD-8D82-9373DB12A4D4}.Debug|Any CPU.Build.0 = Debug|Any CPU
		{D546E055-FCD6-4FDD-8D82-9373DB12A4D4}.Release|Any CPU.ActiveCfg = Release|Any CPU
		{D546E055-FCD6-4FDD-8D82-9373DB12A4D4}.Release|Any CPU.Build.0 = Release|Any CPU
		{02C791E0-45AC-4D1E-9482-AADAA4690954}.Debug|Any CPU.ActiveCfg = Debug|Any CPU
		{02C791E0-45AC-4D1E-9482-AADAA4690954}.Debug|Any CPU.Build.0 = Debug|Any CPU
		{02C791E0-45AC-4D1E-9482-AADAA4690954}.Release|Any CPU.ActiveCfg = Release|Any CPU
		{02C791E0-45AC-4D1E-9482-AADAA4690954}.Release|Any CPU.Build.0 = Release|Any CPU
		{BE098C8E-4F43-41E2-A7C1-1414AB0B786E}.Debug|Any CPU.ActiveCfg = Debug|Any CPU
		{BE098C8E-4F43-41E2-A7C1-1414AB0B786E}.Debug|Any CPU.Build.0 = Debug|Any CPU
		{BE098C8E-4F43-41E2-A7C1-1414AB0B786E}.Release|Any CPU.ActiveCfg = Release|Any CPU
		{BE098C8E-4F43-41E2-A7C1-1414AB0B786E}.Release|Any CPU.Build.0 = Release|Any CPU
		{774D490A-9FE3-4AAF-A433-D553FDE7FC8C}.Debug|Any CPU.ActiveCfg = Debug|Any CPU
		{774D490A-9FE3-4AAF-A433-D553FDE7FC8C}.Debug|Any CPU.Build.0 = Debug|Any CPU
		{774D490A-9FE3-4AAF-A433-D553FDE7FC8C}.Release|Any CPU.ActiveCfg = Release|Any CPU
		{774D490A-9FE3-4AAF-A433-D553FDE7FC8C}.Release|Any CPU.Build.0 = Release|Any CPU
		{92019BCB-F61F-45B6-A3F3-8EEE80E56428}.Debug|Any CPU.ActiveCfg = Debug|Any CPU
		{92019BCB-F61F-45B6-A3F3-8EEE80E56428}.Debug|Any CPU.Build.0 = Debug|Any CPU
		{92019BCB-F61F-45B6-A3F3-8EEE80E56428}.Release|Any CPU.ActiveCfg = Release|Any CPU
		{92019BCB-F61F-45B6-A3F3-8EEE80E56428}.Release|Any CPU.Build.0 = Release|Any CPU
		{2287773A-A491-4EAE-8150-4563C719A801}.Debug|Any CPU.ActiveCfg = Debug|Any CPU
		{2287773A-A491-4EAE-8150-4563C719A801}.Debug|Any CPU.Build.0 = Debug|Any CPU
		{2287773A-A491-4EAE-8150-4563C719A801}.Release|Any CPU.ActiveCfg = Release|Any CPU
		{2287773A-A491-4EAE-8150-4563C719A801}.Release|Any CPU.Build.0 = Release|Any CPU
		{15C1698C-2D1B-42AD-925F-255EFF78100E}.Debug|Any CPU.ActiveCfg = Debug|Any CPU
		{15C1698C-2D1B-42AD-925F-255EFF78100E}.Debug|Any CPU.Build.0 = Debug|Any CPU
		{15C1698C-2D1B-42AD-925F-255EFF78100E}.Release|Any CPU.ActiveCfg = Release|Any CPU
		{15C1698C-2D1B-42AD-925F-255EFF78100E}.Release|Any CPU.Build.0 = Release|Any CPU
		{46BA2C48-85B6-4E91-8C3A-9D9766A8B8B2}.Debug|Any CPU.ActiveCfg = Debug|Any CPU
		{46BA2C48-85B6-4E91-8C3A-9D9766A8B8B2}.Debug|Any CPU.Build.0 = Debug|Any CPU
		{46BA2C48-85B6-4E91-8C3A-9D9766A8B8B2}.Release|Any CPU.ActiveCfg = Release|Any CPU
		{46BA2C48-85B6-4E91-8C3A-9D9766A8B8B2}.Release|Any CPU.Build.0 = Release|Any CPU
	EndGlobalSection
	GlobalSection(SolutionProperties) = preSolution
		HideSolutionNode = FALSE
	EndGlobalSection
	GlobalSection(NestedProjects) = preSolution
		{C323FB7B-69F9-4606-A87B-EF60DD0F176A} = {A725526B-A316-4501-8C00-330E8A36047E}
		{480C2D66-B1BD-4067-A09F-634D17215901} = {C323FB7B-69F9-4606-A87B-EF60DD0F176A}
		{BC9242A3-FB32-4B31-8490-5AE895226792} = {A725526B-A316-4501-8C00-330E8A36047E}
		{63A9C36E-5074-4469-A9DD-85F46E84915A} = {BC9242A3-FB32-4B31-8490-5AE895226792}
		{7402A2E6-761C-4619-91C3-E9BF58E162D2} = {63A9C36E-5074-4469-A9DD-85F46E84915A}
		{82375F19-13F0-4E19-884E-D48B607909E6} = {63A9C36E-5074-4469-A9DD-85F46E84915A}
		{FB2ED9E7-B3F2-4E71-B2FA-8EC33291D427} = {63A9C36E-5074-4469-A9DD-85F46E84915A}
		{AE6A9027-753F-4EB3-9170-391A3C70AF9E} = {63A9C36E-5074-4469-A9DD-85F46E84915A}
		{7FA06FE2-BF6D-4264-84A7-01677B20F180} = {63A9C36E-5074-4469-A9DD-85F46E84915A}
		{F389645A-57A2-4197-BC54-31301E279B35} = {BC9242A3-FB32-4B31-8490-5AE895226792}
		{08FF72E2-B61A-45F0-A51D-8F78D71898DD} = {F389645A-57A2-4197-BC54-31301E279B35}
		{C3A06ECF-9115-4CED-AA6F-DAF7AEBFB624} = {F389645A-57A2-4197-BC54-31301E279B35}
		{D546E055-FCD6-4FDD-8D82-9373DB12A4D4} = {F389645A-57A2-4197-BC54-31301E279B35}
		{02C791E0-45AC-4D1E-9482-AADAA4690954} = {F389645A-57A2-4197-BC54-31301E279B35}
		{BE098C8E-4F43-41E2-A7C1-1414AB0B786E} = {F389645A-57A2-4197-BC54-31301E279B35}
		{2FBB4FA4-00CD-45AC-8C0C-DC048EE3C5BE} = {BC9242A3-FB32-4B31-8490-5AE895226792}
		{774D490A-9FE3-4AAF-A433-D553FDE7FC8C} = {2FBB4FA4-00CD-45AC-8C0C-DC048EE3C5BE}
		{92019BCB-F61F-45B6-A3F3-8EEE80E56428} = {2FBB4FA4-00CD-45AC-8C0C-DC048EE3C5BE}
		{2287773A-A491-4EAE-8150-4563C719A801} = {2FBB4FA4-00CD-45AC-8C0C-DC048EE3C5BE}
		{15C1698C-2D1B-42AD-925F-255EFF78100E} = {2FBB4FA4-00CD-45AC-8C0C-DC048EE3C5BE}
		{46BA2C48-85B6-4E91-8C3A-9D9766A8B8B2} = {2FBB4FA4-00CD-45AC-8C0C-DC048EE3C5BE}
	EndGlobalSection
	GlobalSection(ExtensibilityGlobals) = postSolution
		SolutionGuid = {F5D27837-27B5-47B7-A060-C0025E5B0D66}
	EndGlobalSection
EndGlobal
