
Microsoft Visual Studio Solution File, Format Version 12.00
# Visual Studio Version 17
VisualStudioVersion = 17.5.002.0
MinimumVisualStudioVersion = 10.0.40219.1
Project("{2150E333-8FDC-42A3-9474-1A3956D46DE8}") = "src", "src", "{490407A4-368C-40A3-96D0-D937D7BCB4C4}"
EndProject
Project("{2150E333-8FDC-42A3-9474-1A3956D46DE8}") = "Gateway", "Gateway", "{62E1006E-6864-4AC3-942D-7E85214B69DF}"
EndProject
Project("{9A19103F-16F7-4668-BE54-9A1E7A4F7556}") = "Ms.Gateway", "src\Gateway\Ms.Gateway\Ms.Gateway.csproj", "{2D65B56C-4872-4D93-ACFA-9C39DD5CAC50}"
EndProject
Project("{2150E333-8FDC-42A3-9474-1A3956D46DE8}") = "Microservices", "Microservices", "{3C0B21CF-58CC-4BFC-9506-7AB29F9C2AA8}"
EndProject
Project("{2150E333-8FDC-42A3-9474-1A3956D46DE8}") = "Ms.Delivery", "Ms.Delivery", "{3CF5FD5D-E12D-4F29-A069-B04551AD1006}"
EndProject
Project("{9A19103F-16F7-4668-BE54-9A1E7A4F7556}") = "delivery", "src\Microservices\Ms.Delivery\api\delivery.csproj", "{0427B26B-3B4C-4E85-93DE-FA117B687F46}"
EndProject
Project("{9A19103F-16F7-4668-BE54-9A1E7A4F7556}") = "application", "src\Microservices\Ms.Delivery\application\application.csproj", "{937DB480-F4B6-4555-AFD5-8C0B1A69CE8A}"
EndProject
Project("{9A19103F-16F7-4668-BE54-9A1E7A4F7556}") = "domain", "src\Microservices\Ms.Delivery\domain\domain.csproj", "{F9CC26C9-7093-4C62-9EC1-433F2DFE48A1}"
EndProject
Project("{9A19103F-16F7-4668-BE54-9A1E7A4F7556}") = "infra", "src\Microservices\Ms.Delivery\infra\infra.csproj", "{01487A6E-C35E-492B-9147-5512E0798D2D}"
EndProject
Project("{9A19103F-16F7-4668-BE54-9A1E7A4F7556}") = "test", "src\Microservices\Ms.Delivery\test\test.csproj", "{C054FC14-872A-40B4-8EAC-BFE298103832}"
EndProject
Project("{2150E333-8FDC-42A3-9474-1A3956D46DE8}") = "Ms.Order", "Ms.Order", "{ED8206E8-0B69-48CA-ADD0-A2AA04669F2F}"
EndProject
Project("{9A19103F-16F7-4668-BE54-9A1E7A4F7556}") = "order", "src\Microservices\Ms.Order\api\order.csproj", "{0B9145F9-1054-459B-9711-7D0243E53E96}"
EndProject
Project("{9A19103F-16F7-4668-BE54-9A1E7A4F7556}") = "application", "src\Microservices\Ms.Order\application\application.csproj", "{199E2ED3-0EC2-42FB-B08D-227359963C84}"
EndProject
Project("{9A19103F-16F7-4668-BE54-9A1E7A4F7556}") = "domain", "src\Microservices\Ms.Order\domain\domain.csproj", "{302D20D3-2F7C-4EFC-A865-354EE578F356}"
EndProject
Project("{9A19103F-16F7-4668-BE54-9A1E7A4F7556}") = "infra", "src\Microservices\Ms.Order\infra\infra.csproj", "{08D338BF-F2EA-4165-B961-F1360761442C}"
EndProject
Project("{9A19103F-16F7-4668-BE54-9A1E7A4F7556}") = "test", "src\Microservices\Ms.Order\test\test.csproj", "{A6FCC70D-67F7-498E-893F-77FD89C20303}"
EndProject
Project("{2150E333-8FDC-42A3-9474-1A3956D46DE8}") = "Ms.Payment", "Ms.Payment", "{A9B472EA-BF73-4C90-9640-F7BC4C7DC276}"
EndProject
Project("{9A19103F-16F7-4668-BE54-9A1E7A4F7556}") = "payment", "src\Microservices\Ms.Payment\api\payment.csproj", "{D19D916B-9F15-46B3-A1C1-69E72088F8B3}"
EndProject
Project("{9A19103F-16F7-4668-BE54-9A1E7A4F7556}") = "application", "src\Microservices\Ms.Payment\application\application.csproj", "{800E2012-54BE-4640-9C8F-C64AF1248531}"
EndProject
Project("{9A19103F-16F7-4668-BE54-9A1E7A4F7556}") = "domain", "src\Microservices\Ms.Payment\domain\domain.csproj", "{8490B68D-DEF8-4F6C-B61D-BA30D82E0E16}"
EndProject
Project("{9A19103F-16F7-4668-BE54-9A1E7A4F7556}") = "infra", "src\Microservices\Ms.Payment\infra\infra.csproj", "{3CEA1591-A5BD-4724-A6B4-CB789A0EA905}"
EndProject
Project("{9A19103F-16F7-4668-BE54-9A1E7A4F7556}") = "test", "src\Microservices\Ms.Payment\test\test.csproj", "{B50513C0-00A8-415C-95EC-4319171D07D3}"
EndProject
Global
	GlobalSection(SolutionConfigurationPlatforms) = preSolution
		Debug|Any CPU = Debug|Any CPU
		Release|Any CPU = Release|Any CPU
	EndGlobalSection
	GlobalSection(ProjectConfigurationPlatforms) = postSolution
		{2D65B56C-4872-4D93-ACFA-9C39DD5CAC50}.Debug|Any CPU.ActiveCfg = Debug|Any CPU
		{2D65B56C-4872-4D93-ACFA-9C39DD5CAC50}.Debug|Any CPU.Build.0 = Debug|Any CPU
		{2D65B56C-4872-4D93-ACFA-9C39DD5CAC50}.Release|Any CPU.ActiveCfg = Release|Any CPU
		{2D65B56C-4872-4D93-ACFA-9C39DD5CAC50}.Release|Any CPU.Build.0 = Release|Any CPU
		{0427B26B-3B4C-4E85-93DE-FA117B687F46}.Debug|Any CPU.ActiveCfg = Debug|Any CPU
		{0427B26B-3B4C-4E85-93DE-FA117B687F46}.Debug|Any CPU.Build.0 = Debug|Any CPU
		{0427B26B-3B4C-4E85-93DE-FA117B687F46}.Release|Any CPU.ActiveCfg = Release|Any CPU
		{0427B26B-3B4C-4E85-93DE-FA117B687F46}.Release|Any CPU.Build.0 = Release|Any CPU
		{937DB480-F4B6-4555-AFD5-8C0B1A69CE8A}.Debug|Any CPU.ActiveCfg = Debug|Any CPU
		{937DB480-F4B6-4555-AFD5-8C0B1A69CE8A}.Debug|Any CPU.Build.0 = Debug|Any CPU
		{937DB480-F4B6-4555-AFD5-8C0B1A69CE8A}.Release|Any CPU.ActiveCfg = Release|Any CPU
		{937DB480-F4B6-4555-AFD5-8C0B1A69CE8A}.Release|Any CPU.Build.0 = Release|Any CPU
		{F9CC26C9-7093-4C62-9EC1-433F2DFE48A1}.Debug|Any CPU.ActiveCfg = Debug|Any CPU
		{F9CC26C9-7093-4C62-9EC1-433F2DFE48A1}.Debug|Any CPU.Build.0 = Debug|Any CPU
		{F9CC26C9-7093-4C62-9EC1-433F2DFE48A1}.Release|Any CPU.ActiveCfg = Release|Any CPU
		{F9CC26C9-7093-4C62-9EC1-433F2DFE48A1}.Release|Any CPU.Build.0 = Release|Any CPU
		{01487A6E-C35E-492B-9147-5512E0798D2D}.Debug|Any CPU.ActiveCfg = Debug|Any CPU
		{01487A6E-C35E-492B-9147-5512E0798D2D}.Debug|Any CPU.Build.0 = Debug|Any CPU
		{01487A6E-C35E-492B-9147-5512E0798D2D}.Release|Any CPU.ActiveCfg = Release|Any CPU
		{01487A6E-C35E-492B-9147-5512E0798D2D}.Release|Any CPU.Build.0 = Release|Any CPU
		{C054FC14-872A-40B4-8EAC-BFE298103832}.Debug|Any CPU.ActiveCfg = Debug|Any CPU
		{C054FC14-872A-40B4-8EAC-BFE298103832}.Debug|Any CPU.Build.0 = Debug|Any CPU
		{C054FC14-872A-40B4-8EAC-BFE298103832}.Release|Any CPU.ActiveCfg = Release|Any CPU
		{C054FC14-872A-40B4-8EAC-BFE298103832}.Release|Any CPU.Build.0 = Release|Any CPU
		{0B9145F9-1054-459B-9711-7D0243E53E96}.Debug|Any CPU.ActiveCfg = Debug|Any CPU
		{0B9145F9-1054-459B-9711-7D0243E53E96}.Debug|Any CPU.Build.0 = Debug|Any CPU
		{0B9145F9-1054-459B-9711-7D0243E53E96}.Release|Any CPU.ActiveCfg = Release|Any CPU
		{0B9145F9-1054-459B-9711-7D0243E53E96}.Release|Any CPU.Build.0 = Release|Any CPU
		{199E2ED3-0EC2-42FB-B08D-227359963C84}.Debug|Any CPU.ActiveCfg = Debug|Any CPU
		{199E2ED3-0EC2-42FB-B08D-227359963C84}.Debug|Any CPU.Build.0 = Debug|Any CPU
		{199E2ED3-0EC2-42FB-B08D-227359963C84}.Release|Any CPU.ActiveCfg = Release|Any CPU
		{199E2ED3-0EC2-42FB-B08D-227359963C84}.Release|Any CPU.Build.0 = Release|Any CPU
		{302D20D3-2F7C-4EFC-A865-354EE578F356}.Debug|Any CPU.ActiveCfg = Debug|Any CPU
		{302D20D3-2F7C-4EFC-A865-354EE578F356}.Debug|Any CPU.Build.0 = Debug|Any CPU
		{302D20D3-2F7C-4EFC-A865-354EE578F356}.Release|Any CPU.ActiveCfg = Release|Any CPU
		{302D20D3-2F7C-4EFC-A865-354EE578F356}.Release|Any CPU.Build.0 = Release|Any CPU
		{08D338BF-F2EA-4165-B961-F1360761442C}.Debug|Any CPU.ActiveCfg = Debug|Any CPU
		{08D338BF-F2EA-4165-B961-F1360761442C}.Debug|Any CPU.Build.0 = Debug|Any CPU
		{08D338BF-F2EA-4165-B961-F1360761442C}.Release|Any CPU.ActiveCfg = Release|Any CPU
		{08D338BF-F2EA-4165-B961-F1360761442C}.Release|Any CPU.Build.0 = Release|Any CPU
		{A6FCC70D-67F7-498E-893F-77FD89C20303}.Debug|Any CPU.ActiveCfg = Debug|Any CPU
		{A6FCC70D-67F7-498E-893F-77FD89C20303}.Debug|Any CPU.Build.0 = Debug|Any CPU
		{A6FCC70D-67F7-498E-893F-77FD89C20303}.Release|Any CPU.ActiveCfg = Release|Any CPU
		{A6FCC70D-67F7-498E-893F-77FD89C20303}.Release|Any CPU.Build.0 = Release|Any CPU
		{D19D916B-9F15-46B3-A1C1-69E72088F8B3}.Debug|Any CPU.ActiveCfg = Debug|Any CPU
		{D19D916B-9F15-46B3-A1C1-69E72088F8B3}.Debug|Any CPU.Build.0 = Debug|Any CPU
		{D19D916B-9F15-46B3-A1C1-69E72088F8B3}.Release|Any CPU.ActiveCfg = Release|Any CPU
		{D19D916B-9F15-46B3-A1C1-69E72088F8B3}.Release|Any CPU.Build.0 = Release|Any CPU
		{800E2012-54BE-4640-9C8F-C64AF1248531}.Debug|Any CPU.ActiveCfg = Debug|Any CPU
		{800E2012-54BE-4640-9C8F-C64AF1248531}.Debug|Any CPU.Build.0 = Debug|Any CPU
		{800E2012-54BE-4640-9C8F-C64AF1248531}.Release|Any CPU.ActiveCfg = Release|Any CPU
		{800E2012-54BE-4640-9C8F-C64AF1248531}.Release|Any CPU.Build.0 = Release|Any CPU
		{8490B68D-DEF8-4F6C-B61D-BA30D82E0E16}.Debug|Any CPU.ActiveCfg = Debug|Any CPU
		{8490B68D-DEF8-4F6C-B61D-BA30D82E0E16}.Debug|Any CPU.Build.0 = Debug|Any CPU
		{8490B68D-DEF8-4F6C-B61D-BA30D82E0E16}.Release|Any CPU.ActiveCfg = Release|Any CPU
		{8490B68D-DEF8-4F6C-B61D-BA30D82E0E16}.Release|Any CPU.Build.0 = Release|Any CPU
		{3CEA1591-A5BD-4724-A6B4-CB789A0EA905}.Debug|Any CPU.ActiveCfg = Debug|Any CPU
		{3CEA1591-A5BD-4724-A6B4-CB789A0EA905}.Debug|Any CPU.Build.0 = Debug|Any CPU
		{3CEA1591-A5BD-4724-A6B4-CB789A0EA905}.Release|Any CPU.ActiveCfg = Release|Any CPU
		{3CEA1591-A5BD-4724-A6B4-CB789A0EA905}.Release|Any CPU.Build.0 = Release|Any CPU
		{B50513C0-00A8-415C-95EC-4319171D07D3}.Debug|Any CPU.ActiveCfg = Debug|Any CPU
		{B50513C0-00A8-415C-95EC-4319171D07D3}.Debug|Any CPU.Build.0 = Debug|Any CPU
		{B50513C0-00A8-415C-95EC-4319171D07D3}.Release|Any CPU.ActiveCfg = Release|Any CPU
		{B50513C0-00A8-415C-95EC-4319171D07D3}.Release|Any CPU.Build.0 = Release|Any CPU
	EndGlobalSection
	GlobalSection(SolutionProperties) = preSolution
		HideSolutionNode = FALSE
	EndGlobalSection
	GlobalSection(NestedProjects) = preSolution
		{62E1006E-6864-4AC3-942D-7E85214B69DF} = {490407A4-368C-40A3-96D0-D937D7BCB4C4}
		{2D65B56C-4872-4D93-ACFA-9C39DD5CAC50} = {62E1006E-6864-4AC3-942D-7E85214B69DF}
		{3C0B21CF-58CC-4BFC-9506-7AB29F9C2AA8} = {490407A4-368C-40A3-96D0-D937D7BCB4C4}
		{3CF5FD5D-E12D-4F29-A069-B04551AD1006} = {3C0B21CF-58CC-4BFC-9506-7AB29F9C2AA8}
		{0427B26B-3B4C-4E85-93DE-FA117B687F46} = {3CF5FD5D-E12D-4F29-A069-B04551AD1006}
		{937DB480-F4B6-4555-AFD5-8C0B1A69CE8A} = {3CF5FD5D-E12D-4F29-A069-B04551AD1006}
		{F9CC26C9-7093-4C62-9EC1-433F2DFE48A1} = {3CF5FD5D-E12D-4F29-A069-B04551AD1006}
		{01487A6E-C35E-492B-9147-5512E0798D2D} = {3CF5FD5D-E12D-4F29-A069-B04551AD1006}
		{C054FC14-872A-40B4-8EAC-BFE298103832} = {3CF5FD5D-E12D-4F29-A069-B04551AD1006}
		{ED8206E8-0B69-48CA-ADD0-A2AA04669F2F} = {3C0B21CF-58CC-4BFC-9506-7AB29F9C2AA8}
		{0B9145F9-1054-459B-9711-7D0243E53E96} = {ED8206E8-0B69-48CA-ADD0-A2AA04669F2F}
		{199E2ED3-0EC2-42FB-B08D-227359963C84} = {ED8206E8-0B69-48CA-ADD0-A2AA04669F2F}
		{302D20D3-2F7C-4EFC-A865-354EE578F356} = {ED8206E8-0B69-48CA-ADD0-A2AA04669F2F}
		{08D338BF-F2EA-4165-B961-F1360761442C} = {ED8206E8-0B69-48CA-ADD0-A2AA04669F2F}
		{A6FCC70D-67F7-498E-893F-77FD89C20303} = {ED8206E8-0B69-48CA-ADD0-A2AA04669F2F}
		{A9B472EA-BF73-4C90-9640-F7BC4C7DC276} = {3C0B21CF-58CC-4BFC-9506-7AB29F9C2AA8}
		{D19D916B-9F15-46B3-A1C1-69E72088F8B3} = {A9B472EA-BF73-4C90-9640-F7BC4C7DC276}
		{800E2012-54BE-4640-9C8F-C64AF1248531} = {A9B472EA-BF73-4C90-9640-F7BC4C7DC276}
		{8490B68D-DEF8-4F6C-B61D-BA30D82E0E16} = {A9B472EA-BF73-4C90-9640-F7BC4C7DC276}
		{3CEA1591-A5BD-4724-A6B4-CB789A0EA905} = {A9B472EA-BF73-4C90-9640-F7BC4C7DC276}
		{B50513C0-00A8-415C-95EC-4319171D07D3} = {A9B472EA-BF73-4C90-9640-F7BC4C7DC276}
	EndGlobalSection
	GlobalSection(ExtensibilityGlobals) = postSolution
		SolutionGuid = {4162A871-B307-4312-B486-5DEE33464380}
	EndGlobalSection
EndGlobal
